// !$*UTF8*$!
{
	archiveVersion = 1;
	classes = {
	};
	objectVersion = 50;
	objects = {

/* Begin PBXBuildFile section */
		5FD27D35208580C900E2BDE3 /* AppDelegate.swift in Sources */ = {isa = PBXBuildFile; fileRef = 5FD27D34208580C900E2BDE3 /* AppDelegate.swift */; };
		5FD27D37208580C900E2BDE3 /* art.scnassets in Resources */ = {isa = PBXBuildFile; fileRef = 5FD27D36208580C900E2BDE3 /* art.scnassets */; };
		5FD27D39208580C900E2BDE3 /* ViewController.swift in Sources */ = {isa = PBXBuildFile; fileRef = 5FD27D38208580C900E2BDE3 /* ViewController.swift */; };
		5FD27D3C208580C900E2BDE3 /* Main.storyboard in Resources */ = {isa = PBXBuildFile; fileRef = 5FD27D3A208580C900E2BDE3 /* Main.storyboard */; };
		5FD27D3E208580CA00E2BDE3 /* Assets.xcassets in Resources */ = {isa = PBXBuildFile; fileRef = 5FD27D3D208580CA00E2BDE3 /* Assets.xcassets */; };
		5FD27D41208580CA00E2BDE3 /* LaunchScreen.storyboard in Resources */ = {isa = PBXBuildFile; fileRef = 5FD27D3F208580CA00E2BDE3 /* LaunchScreen.storyboard */; };
/* End PBXBuildFile section */

/* Begin PBXFileReference section */
		5FD27D31208580C900E2BDE3 /* Valkyrie Labs- Real Time Ruler.app */ = {isa = PBXFileReference; explicitFileType = wrapper.application; includeInIndex = 0; path = "Valkyrie Labs- Real Time Ruler.app"; sourceTree = BUILT_PRODUCTS_DIR; };
		5FD27D34208580C900E2BDE3 /* AppDelegate.swift */ = {isa = PBXFileReference; lastKnownFileType = sourcecode.swift; path = AppDelegate.swift; sourceTree = "<group>"; };
		5FD27D36208580C900E2BDE3 /* art.scnassets */ = {isa = PBXFileReference; lastKnownFileType = wrapper.scnassets; path = art.scnassets; sourceTree = "<group>"; };
		5FD27D38208580C900E2BDE3 /* ViewController.swift */ = {isa = PBXFileReference; lastKnownFileType = sourcecode.swift; path = ViewController.swift; sourceTree = "<group>"; };
		5FD27D3B208580C900E2BDE3 /* Base */ = {isa = PBXFileReference; lastKnownFileType = file.storyboard; name = Base; path = Base.lproj/Main.storyboard; sourceTree = "<group>"; };
		5FD27D3D208580CA00E2BDE3 /* Assets.xcassets */ = {isa = PBXFileReference; lastKnownFileType = folder.assetcatalog; path = Assets.xcassets; sourceTree = "<group>"; };
		5FD27D40208580CA00E2BDE3 /* Base */ = {isa = PBXFileReference; lastKnownFileType = file.storyboard; name = Base; path = Base.lproj/LaunchScreen.storyboard; sourceTree = "<group>"; };
		5FD27D42208580CA00E2BDE3 /* Info.plist */ = {isa = PBXFileReference; lastKnownFileType = text.plist.xml; path = Info.plist; sourceTree = "<group>"; };
/* End PBXFileReference section */

/* Begin PBXFrameworksBuildPhase section */
		5FD27D2E208580C900E2BDE3 /* Frameworks */ = {
			isa = PBXFrameworksBuildPhase;
			buildActionMask = 2147483647;
			files = (
			);
			runOnlyForDeploymentPostprocessing = 0;
		};
/* End PBXFrameworksBuildPhase section */

/* Begin PBXGroup section */
		5FD27D28208580C900E2BDE3 = {
			isa = PBXGroup;
			children = (
				5FD27D33208580C900E2BDE3 /* Valkyrie Labs- Real Time Ruler */,
				5FD27D32208580C900E2BDE3 /* Products */,
			);
			sourceTree = "<group>";
		};
		5FD27D32208580C900E2BDE3 /* Products */ = {
			isa = PBXGroup;
			children = (
				5FD27D31208580C900E2BDE3 /* Valkyrie Labs- Real Time Ruler.app */,
			);
			name = Products;
			sourceTree = "<group>";
		};
		5FD27D33208580C900E2BDE3 /* Valkyrie Labs- Real Time Ruler */ = {
			isa = PBXGroup;
			children = (
				5FD27D34208580C900E2BDE3 /* AppDelegate.swift */,
				5FD27D36208580C900E2BDE3 /* art.scnassets */,
				5FD27D38208580C900E2BDE3 /* ViewController.swift */,
				5FD27D3A208580C900E2BDE3 /* Main.storyboard */,
				5FD27D3D208580CA00E2BDE3 /* Assets.xcassets */,
				5FD27D3F208580CA00E2BDE3 /* LaunchScreen.storyboard */,
				5FD27D42208580CA00E2BDE3 /* Info.plist */,
			);
			path = "Valkyrie Labs- Real Time Ruler";
			sourceTree = "<group>";
		};
/* End PBXGroup section */

/* Begin PBXNativeTarget section */
		5FD27D30208580C900E2BDE3 /* Valkyrie Labs- Real Time Ruler */ = {
			isa = PBXNativeTarget;
			buildConfigurationList = 5FD27D45208580CA00E2BDE3 /* Build configuration list for PBXNativeTarget "Valkyrie Labs- Real Time Ruler" */;
			buildPhases = (
				5FD27D2D208580C900E2BDE3 /* Sources */,
				5FD27D2E208580C900E2BDE3 /* Frameworks */,
				5FD27D2F208580C900E2BDE3 /* Resources */,
			);
			buildRules = (
			);
			dependencies = (
			);
			name = "Valkyrie Labs- Real Time Ruler";
			productName = "Valkyrie Labs- Real Time Ruler";
			productReference = 5FD27D31208580C900E2BDE3 /* Valkyrie Labs- Real Time Ruler.app */;
			productType = "com.apple.product-type.application";
		};
/* End PBXNativeTarget section */

/* Begin PBXProject section */
		5FD27D29208580C900E2BDE3 /* Project object */ = {
			isa = PBXProject;
			attributes = {
				LastSwiftUpdateCheck = 0930;
				LastUpgradeCheck = 0930;
				ORGANIZATIONNAME = "Shanthosh Pushparajah";
				TargetAttributes = {
					5FD27D30208580C900E2BDE3 = {
						CreatedOnToolsVersion = 9.3;
					};
				};
			};
			buildConfigurationList = 5FD27D2C208580C900E2BDE3 /* Build configuration list for PBXProject "Valkyrie Labs- Real Time Ruler" */;
			compatibilityVersion = "Xcode 9.3";
			developmentRegion = en;
			hasScannedForEncodings = 0;
			knownRegions = (
				en,
				Base,
			);
			mainGroup = 5FD27D28208580C900E2BDE3;
			productRefGroup = 5FD27D32208580C900E2BDE3 /* Products */;
			projectDirPath = "";
			projectRoot = "";
			targets = (
				5FD27D30208580C900E2BDE3 /* Valkyrie Labs- Real Time Ruler */,
			);
		};
/* End PBXProject section */

/* Begin PBXResourcesBuildPhase section */
		5FD27D2F208580C900E2BDE3 /* Resources */ = {
			isa = PBXResourcesBuildPhase;
			buildActionMask = 2147483647;
			files = (
				5FD27D37208580C900E2BDE3 /* art.scnassets in Resources */,
				5FD27D41208580CA00E2BDE3 /* LaunchScreen.storyboard in Resources */,
				5FD27D3E208580CA00E2BDE3 /* Assets.xcassets in Resources */,
				5FD27D3C208580C900E2BDE3 /* Main.storyboard in Resources */,
			);
			runOnlyForDeploymentPostprocessing = 0;
		};
/* End PBXResourcesBuildPhase section */

/* Begin PBXSourcesBuildPhase section */
		5FD27D2D208580C900E2BDE3 /* Sources */ = {
			isa = PBXSourcesBuildPhase;
			buildActionMask = 2147483647;
			files = (
				5FD27D39208580C900E2BDE3 /* ViewController.swift in Sources */,
				5FD27D35208580C900E2BDE3 /* AppDelegate.swift in Sources */,
			);
			runOnlyForDeploymentPostprocessing = 0;
		};
/* End PBXSourcesBuildPhase section */

/* Begin PBXVariantGroup section */
		5FD27D3A208580C900E2BDE3 /* Main.storyboard */ = {
			isa = PBXVariantGroup;
			children = (
				5FD27D3B208580C900E2BDE3 /* Base */,
			);
			name = Main.storyboard;
			sourceTree = "<group>";
		};
		5FD27D3F208580CA00E2BDE3 /* LaunchScreen.storyboard */ = {
			isa = PBXVariantGroup;
			children = (
				5FD27D40208580CA00E2BDE3 /* Base */,
			);
			name = LaunchScreen.storyboard;
			sourceTree = "<group>";
		};
/* End PBXVariantGroup section */

/* Begin XCBuildConfiguration section */
		5FD27D43208580CA00E2BDE3 /* Debug */ = {
			isa = XCBuildConfiguration;
			buildSettings = {
				ALWAYS_SEARCH_USER_PATHS = NO;
				CLANG_ANALYZER_NONNULL = YES;
				CLANG_ANALYZER_NUMBER_OBJECT_CONVERSION = YES_AGGRESSIVE;
				CLANG_CXX_LANGUAGE_STANDARD = "gnu++14";
				CLANG_CXX_LIBRARY = "libc++";
				CLANG_ENABLE_MODULES = YES;
				CLANG_ENABLE_OBJC_ARC = YES;
				CLANG_ENABLE_OBJC_WEAK = YES;
				CLANG_WARN_BLOCK_CAPTURE_AUTORELEASING = YES;
				CLANG_WARN_BOOL_CONVERSION = YES;
				CLANG_WARN_COMMA = YES;
				CLANG_WARN_CONSTANT_CONVERSION = YES;
				CLANG_WARN_DEPRECATED_OBJC_IMPLEMENTATIONS = YES;
				CLANG_WARN_DIRECT_OBJC_ISA_USAGE = YES_ERROR;
				CLANG_WARN_DOCUMENTATION_COMMENTS = YES;
				CLANG_WARN_EMPTY_BODY = YES;
				CLANG_WARN_ENUM_CONVERSION = YES;
				CLANG_WARN_INFINITE_RECURSION = YES;
				CLANG_WARN_INT_CONVERSION = YES;
				CLANG_WARN_NON_LITERAL_NULL_CONVERSION = YES;
				CLANG_WARN_OBJC_IMPLICIT_RETAIN_SELF = YES;
				CLANG_WARN_OBJC_LITERAL_CONVERSION = YES;
				CLANG_WARN_OBJC_ROOT_CLASS = YES_ERROR;
				CLANG_WARN_RANGE_LOOP_ANALYSIS = YES;
				CLANG_WARN_STRICT_PROTOTYPES = YES;
				CLANG_WARN_SUSPICIOUS_MOVE = YES;
				CLANG_WARN_UNGUARDED_AVAILABILITY = YES_AGGRESSIVE;
				CLANG_WARN_UNREACHABLE_CODE = YES;
				CLANG_WARN__DUPLICATE_METHOD_MATCH = YES;
				CODE_SIGN_IDENTITY = "iPhone Developer";
				COPY_PHASE_STRIP = NO;
				DEBUG_INFORMATION_FORMAT = dwarf;
				ENABLE_STRICT_OBJC_MSGSEND = YES;
				ENABLE_TESTABILITY = YES;
				GCC_C_LANGUAGE_STANDARD = gnu11;
				GCC_DYNAMIC_NO_PIC = NO;
				GCC_NO_COMMON_BLOCKS = YES;
				GCC_OPTIMIZATION_LEVEL = 0;
				GCC_PREPROCESSOR_DEFINITIONS = (
					"DEBUG=1",
					"$(inherited)",
				);
				GCC_WARN_64_TO_32_BIT_CONVERSION = YES;
				GCC_WARN_ABOUT_RETURN_TYPE = YES_ERROR;
				GCC_WARN_UNDECLARED_SELECTOR = YES;
				GCC_WARN_UNINITIALIZED_AUTOS = YES_AGGRESSIVE;
				GCC_WARN_UNUSED_FUNCTION = YES;
				GCC_WARN_UNUSED_VARIABLE = YES;
				IPHONEOS_DEPLOYMENT_TARGET = 11.3;
				MTL_ENABLE_DEBUG_INFO = YES;
				ONLY_ACTIVE_ARCH = YES;
				SDKROOT = iphoneos;
				SWIFT_ACTIVE_COMPILATION_CONDITIONS = DEBUG;
				SWIFT_OPTIMIZATION_LEVEL = "-Onone";
			};
			name = Debug;
		};
		5FD27D44208580CA00E2BDE3 /* Release */ = {
			isa = XCBuildConfiguration;
			buildSettings = {
				ALWAYS_SEARCH_USER_PATHS = NO;
				CLANG_ANALYZER_NONNULL = YES;
				CLANG_ANALYZER_NUMBER_OBJECT_CONVERSION = YES_AGGRESSIVE;
				CLANG_CXX_LANGUAGE_STANDARD = "gnu++14";
				CLANG_CXX_LIBRARY = "libc++";
				CLANG_ENABLE_MODULES = YES;
				CLANG_ENABLE_OBJC_ARC = YES;
				CLANG_ENABLE_OBJC_WEAK = YES;
				CLANG_WARN_BLOCK_CAPTURE_AUTORELEASING = YES;
				CLANG_WARN_BOOL_CONVERSION = YES;
				CLANG_WARN_COMMA = YES;
				CLANG_WARN_CONSTANT_CONVERSION = YES;
				CLANG_WARN_DEPRECATED_OBJC_IMPLEMENTATIONS = YES;
				CLANG_WARN_DIRECT_OBJC_ISA_USAGE = YES_ERROR;
				CLANG_WARN_DOCUMENTATION_COMMENTS = YES;
				CLANG_WARN_EMPTY_BODY = YES;
				CLANG_WARN_ENUM_CONVERSION = YES;
				CLANG_WARN_INFINITE_RECURSION = YES;
				CLANG_WARN_INT_CONVERSION = YES;
				CLANG_WARN_NON_LITERAL_NULL_CONVERSION = YES;
				CLANG_WARN_OBJC_IMPLICIT_RETAIN_SELF = YES;
				CLANG_WARN_OBJC_LITERAL_CONVERSION = YES;
				CLANG_WARN_OBJC_ROOT_CLASS = YES_ERROR;
				CLANG_WARN_RANGE_LOOP_ANALYSIS = YES;
				CLANG_WARN_STRICT_PROTOTYPES = YES;
				CLANG_WARN_SUSPICIOUS_MOVE = YES;
				CLANG_WARN_UNGUARDED_AVAILABILITY = YES_AGGRESSIVE;
				CLANG_WARN_UNREACHABLE_CODE = YES;
				CLANG_WARN__DUPLICATE_METHOD_MATCH = YES;
				CODE_SIGN_IDENTITY = "iPhone Developer";
				COPY_PHASE_STRIP = NO;
				DEBUG_INFORMATION_FORMAT = "dwarf-with-dsym";
				ENABLE_NS_ASSERTIONS = NO;
				ENABLE_STRICT_OBJC_MSGSEND = YES;
				GCC_C_LANGUAGE_STANDARD = gnu11;
				GCC_NO_COMMON_BLOCKS = YES;
				GCC_WARN_64_TO_32_BIT_CONVERSION = YES;
				GCC_WARN_ABOUT_RETURN_TYPE = YES_ERROR;
				GCC_WARN_UNDECLARED_SELECTOR = YES;
				GCC_WARN_UNINITIALIZED_AUTOS = YES_AGGRESSIVE;
				GCC_WARN_UNUSED_FUNCTION = YES;
				GCC_WARN_UNUSED_VARIABLE = YES;
				IPHONEOS_DEPLOYMENT_TARGET = 11.3;
				MTL_ENABLE_DEBUG_INFO = NO;
				SDKROOT = iphoneos;
				SWIFT_COMPILATION_MODE = wholemodule;
				SWIFT_OPTIMIZATION_LEVEL = "-O";
				VALIDATE_PRODUCT = YES;
			};
			name = Release;
		};
		5FD27D46208580CA00E2BDE3 /* Debug */ = {
			isa = XCBuildConfiguration;
			buildSettings = {
				ASSETCATALOG_COMPILER_APPICON_NAME = AppIcon;
				CODE_SIGN_STYLE = Automatic;
				DEVELOPMENT_TEAM = 3ZZN62M2P2;
				INFOPLIST_FILE = "Valkyrie Labs- Real Time Ruler/Info.plist";
				IPHONEOS_DEPLOYMENT_TARGET = 11.0;
				LD_RUNPATH_SEARCH_PATHS = (
					"$(inherited)",
					"@executable_path/Frameworks",
				);
				PRODUCT_BUNDLE_IDENTIFIER = "com.appsbytosh.Valkyrie-Labs--Real-Time-Ruler";
				PRODUCT_NAME = "$(TARGET_NAME)";
				SWIFT_VERSION = 4.0;
				TARGETED_DEVICE_FAMILY = "1,2";
			};
			name = Debug;
		};
		5FD27D47208580CA00E2BDE3 /* Release */ = {
			isa = XCBuildConfiguration;
			buildSettings = {
				ASSETCATALOG_COMPILER_APPICON_NAME = AppIcon;
				CODE_SIGN_STYLE = Automatic;
				DEVELOPMENT_TEAM = 3ZZN62M2P2;
				INFOPLIST_FILE = "Valkyrie Labs- Real Time Ruler/Info.plist";
				IPHONEOS_DEPLOYMENT_TARGET = 11.0;
				LD_RUNPATH_SEARCH_PATHS = (
					"$(inherited)",
					"@executable_path/Frameworks",
				);
				PRODUCT_BUNDLE_IDENTIFIER = "com.appsbytosh.Valkyrie-Labs--Real-Time-Ruler";
				PRODUCT_NAME = "$(TARGET_NAME)";
				SWIFT_VERSION = 4.0;
				TARGETED_DEVICE_FAMILY = "1,2";
			};
			name = Release;
		};
/* End XCBuildConfiguration section */

/* Begin XCConfigurationList section */
		5FD27D2C208580C900E2BDE3 /* Build configuration list for PBXProject "Valkyrie Labs- Real Time Ruler" */ = {
			isa = XCConfigurationList;
			buildConfigurations = (
				5FD27D43208580CA00E2BDE3 /* Debug */,
				5FD27D44208580CA00E2BDE3 /* Release */,
			);
			defaultConfigurationIsVisible = 0;
			defaultConfigurationName = Release;
		};
		5FD27D45208580CA00E2BDE3 /* Build configuration list for PBXNativeTarget "Valkyrie Labs- Real Time Ruler" */ = {
			isa = XCConfigurationList;
			buildConfigurations = (
				5FD27D46208580CA00E2BDE3 /* Debug */,
				5FD27D47208580CA00E2BDE3 /* Release */,
			);
			defaultConfigurationIsVisible = 0;
			defaultConfigurationName = Release;
		};
/* End XCConfigurationList section */
	};
	rootObject = 5FD27D29208580C900E2BDE3 /* Project object */;
}
